{
  "name": "word-to-canvas-module",
  "version": "0.0.0",
  "lockfileVersion": 2,
  "requires": true,
  "packages": {
    "": {
      "name": "word-to-canvas-module",
      "version": "0.0.0",
      "license": "MIT",
      "devDependencies": {
        "userscript-builder": "^0.4.0"
      }
    },
    "node_modules/minimist": {
      "version": "1.2.5",
      "resolved": "https://registry.npmjs.org/minimist/-/minimist-1.2.5.tgz",
      "integrity": "sha512-FM9nNUYrRBAELZQT3xeZQ7fmMOBg6nWNmJKTcgsJeaLstP/UODVpGsr5OhXhhXg6f+qtJ8uiZ+PUxkDWcgIXLw==",
      "dev": true
    },
    "node_modules/userscript-builder": {
      "version": "0.4.0",
      "resolved": "https://registry.npmjs.org/userscript-builder/-/userscript-builder-0.4.0.tgz",
      "integrity": "sha512-OCdGK15GbERqT/E2EOQaEOsji1Qm4slRBaT+DcHYMTGpmmGT6lXY6SvDD6EYgp63CXYNPtRV8mT0jiF576zpNw==",
      "dev": true,
      "dependencies": {
        "minimist": "^1.2.0"
      },
      "bin": {
        "userscript-builder": "bin/builder.js"
      },
      "engines": {
        "node": ">=6.11.5"
      }
    }
  },
  "dependencies": {
    "minimist": {
      "version": "1.2.5",
      "resolved": "https://registry.npmjs.org/minimist/-/minimist-1.2.5.tgz",
      "integrity": "sha512-FM9nNUYrRBAELZQT3xeZQ7fmMOBg6nWNmJKTcgsJeaLstP/UODVpGsr5OhXhhXg6f+qtJ8uiZ+PUxkDWcgIXLw==",
      "dev": true
    },
    "userscript-builder": {
      "version": "0.4.0",
      "resolved": "https://registry.npmjs.org/userscript-builder/-/userscript-builder-0.4.0.tgz",
      "integrity": "sha512-OCdGK15GbERqT/E2EOQaEOsji1Qm4slRBaT+DcHYMTGpmmGT6lXY6SvDD6EYgp63CXYNPtRV8mT0jiF576zpNw==",
      "dev": true,
      "requires": {
        "minimist": "^1.2.0"
      }
    }
  }
}
